
Microsoft Visual Studio Solution File, Format Version 12.00
# Visual Studio Version 17
VisualStudioVersion = 17.0.32112.339
MinimumVisualStudioVersion = 10.0.40219.1
Project("{8BC9CEB8-8B4A-11D0-8D11-00A0C91BC942}") = "day1_282Lab", "day1_282Lab\day1_282Lab.vcxproj", "{35B3DC92-2FE8-4103-8AD8-0016E89606E1}"
EndProject
Global
	GlobalSection(SolutionConfigurationPlatforms) = preSolution
		Debug|x64 = Debug|x64
		Debug|x86 = Debug|x86
		Release|x64 = Release|x64
		Release|x86 = Release|x86
	EndGlobalSection
	GlobalSection(ProjectConfigurationPlatforms) = postSolution
		{35B3DC92-2FE8-4103-8AD8-0016E89606E1}.Debug|x64.ActiveCfg = Debug|x64
		{35B3DC92-2FE8-4103-8AD8-0016E89606E1}.Debug|x64.Build.0 = Debug|x64
		{35B3DC92-2FE8-4103-8AD8-0016E89606E1}.Debug|x86.ActiveCfg = Debug|Win32
		{35B3DC92-2FE8-4103-8AD8-0016E89606E1}.Debug|x86.Build.0 = Debug|Win32
		{35B3DC92-2FE8-4103-8AD8-0016E89606E1}.Release|x64.ActiveCfg = Release|x64
		{35B3DC92-2FE8-4103-8AD8-0016E89606E1}.Release|x64.Build.0 = Release|x64
		{35B3DC92-2FE8-4103-8AD8-0016E89606E1}.Release|x86.ActiveCfg = Release|Win32
		{35B3DC92-2FE8-4103-8AD8-0016E89606E1}.Release|x86.Build.0 = Release|Win32
	EndGlobalSection
	GlobalSection(SolutionProperties) = preSolution
		HideSolutionNode = FALSE
	EndGlobalSection
	GlobalSection(ExtensibilityGlobals) = postSolution
		SolutionGuid = {CA1BF07E-57BB-4FFE-B6A5-729172B10B72}
	EndGlobalSection
EndGlobal
